// !$*UTF8*$!
{
	archiveVersion = 1;
	classes = {
	};
	objectVersion = 46;
	objects = {

/* Begin PBXBuildFile section */
		449A9A491BC5417200C09468 /* main.mm in Sources */ = {isa = PBXBuildFile; fileRef = 449A9A481BC5417200C09468 /* main.mm */; };
		449A9A501BC5421F00C09468 /* gtest-all.cc in Sources */ = {isa = PBXBuildFile; fileRef = 449A9A4F1BC5421F00C09468 /* gtest-all.cc */; settings = {ASSET_TAGS = (); COMPILER_FLAGS = "-I$(SRCROOT)/../../third_party/googletest/"; }; };
		449A9A521BC543C500C09468 /* AppInfoJsObject.cpp in Sources */ = {isa = PBXBuildFile; fileRef = 449A9A511BC543C500C09468 /* AppInfoJsObject.cpp */; settings = {ASSET_TAGS = (); }; };
		449A9A541BC5446700C09468 /* liblibadblockplus.a in Frameworks */ = {isa = PBXBuildFile; fileRef = 449A9A531BC5446700C09468 /* liblibadblockplus.a */; };
		449A9A581BC544A000C09468 /* JavaScriptCore.framework in Frameworks */ = {isa = PBXBuildFile; fileRef = 449A9A571BC544A000C09468 /* JavaScriptCore.framework */; };
		44A8D1211BC67DA100686BDC /* ConsoleJsObject.cpp in Sources */ = {isa = PBXBuildFile; fileRef = 44A8D1201BC67DA100686BDC /* ConsoleJsObject.cpp */; settings = {ASSET_TAGS = (); }; };
		44A8D1291BC682AF00686BDC /* FileSystemJsObject.cpp in Sources */ = {isa = PBXBuildFile; fileRef = 44A8D1281BC682AF00686BDC /* FileSystemJsObject.cpp */; settings = {ASSET_TAGS = (); }; };
/* End PBXBuildFile section */

/* Begin PBXCopyFilesBuildPhase section */
		449A9A431BC5417200C09468 /* CopyFiles */ = {
			isa = PBXCopyFilesBuildPhase;
			buildActionMask = 2147483647;
			dstPath = /usr/share/man/man1/;
			dstSubfolderSpec = 0;
			files = (
			);
			runOnlyForDeploymentPostprocessing = 1;
		};
/* End PBXCopyFilesBuildPhase section */

/* Begin PBXFileReference section */
		449A9A451BC5417200C09468 /* tests */ = {isa = PBXFileReference; explicitFileType = "compiled.mach-o.executable"; includeInIndex = 0; path = tests; sourceTree = BUILT_PRODUCTS_DIR; };
		449A9A481BC5417200C09468 /* main.mm */ = {isa = PBXFileReference; lastKnownFileType = sourcecode.cpp.objcpp; path = main.mm; sourceTree = "<group>"; };
		449A9A4F1BC5421F00C09468 /* gtest-all.cc */ = {isa = PBXFileReference; fileEncoding = 4; lastKnownFileType = sourcecode.cpp.cpp; name = "gtest-all.cc"; path = "../../third_party/googletest/src/gtest-all.cc"; sourceTree = "<group>"; };
		449A9A511BC543C500C09468 /* AppInfoJsObject.cpp */ = {isa = PBXFileReference; fileEncoding = 4; lastKnownFileType = sourcecode.cpp.cpp; name = AppInfoJsObject.cpp; path = ../../../test/AppInfoJsObject.cpp; sourceTree = "<group>"; };
		449A9A531BC5446700C09468 /* liblibadblockplus.a */ = {isa = PBXFileReference; lastKnownFileType = archive.ar; name = liblibadblockplus.a; path = ../libadblockplus/build/Debug/liblibadblockplus.a; sourceTree = "<group>"; };
		449A9A551BC5447900C09468 /* Foundation.framework */ = {isa = PBXFileReference; lastKnownFileType = wrapper.framework; name = Foundation.framework; path = System/Library/Frameworks/Foundation.framework; sourceTree = SDKROOT; };
		449A9A571BC544A000C09468 /* JavaScriptCore.framework */ = {isa = PBXFileReference; lastKnownFileType = wrapper.framework; name = JavaScriptCore.framework; path = System/Library/Frameworks/JavaScriptCore.framework; sourceTree = SDKROOT; };
		44A8D11F1BC67DA100686BDC /* BaseJsTest.h */ = {isa = PBXFileReference; fileEncoding = 4; lastKnownFileType = sourcecode.c.h; name = BaseJsTest.h; path = ../../../test/BaseJsTest.h; sourceTree = "<group>"; };
		44A8D1201BC67DA100686BDC /* ConsoleJsObject.cpp */ = {isa = PBXFileReference; fileEncoding = 4; lastKnownFileType = sourcecode.cpp.cpp; name = ConsoleJsObject.cpp; path = ../../../test/ConsoleJsObject.cpp; sourceTree = "<group>"; };
		44A8D1281BC682AF00686BDC /* FileSystemJsObject.cpp */ = {isa = PBXFileReference; fileEncoding = 4; lastKnownFileType = sourcecode.cpp.cpp; name = FileSystemJsObject.cpp; path = ../../../test/FileSystemJsObject.cpp; sourceTree = "<group>"; };
/* End PBXFileReference section */

/* Begin PBXFrameworksBuildPhase section */
		449A9A421BC5417200C09468 /* Frameworks */ = {
			isa = PBXFrameworksBuildPhase;
			buildActionMask = 2147483647;
			files = (
				449A9A581BC544A000C09468 /* JavaScriptCore.framework in Frameworks */,
				449A9A541BC5446700C09468 /* liblibadblockplus.a in Frameworks */,
			);
			runOnlyForDeploymentPostprocessing = 0;
		};
/* End PBXFrameworksBuildPhase section */

/* Begin PBXGroup section */
		449A9A3C1BC5417200C09468 = {
			isa = PBXGroup;
			children = (
				449A9A571BC544A000C09468 /* JavaScriptCore.framework */,
				449A9A551BC5447900C09468 /* Foundation.framework */,
				449A9A531BC5446700C09468 /* liblibadblockplus.a */,
				449A9A4F1BC5421F00C09468 /* gtest-all.cc */,
				449A9A471BC5417200C09468 /* tests */,
				449A9A461BC5417200C09468 /* Products */,
			);
			sourceTree = "<group>";
		};
		449A9A461BC5417200C09468 /* Products */ = {
			isa = PBXGroup;
			children = (
				449A9A451BC5417200C09468 /* tests */,
			);
			name = Products;
			sourceTree = "<group>";
		};
		449A9A471BC5417200C09468 /* tests */ = {
			isa = PBXGroup;
			children = (
				44A8D1281BC682AF00686BDC /* FileSystemJsObject.cpp */,
				44A8D11F1BC67DA100686BDC /* BaseJsTest.h */,
				44A8D1201BC67DA100686BDC /* ConsoleJsObject.cpp */,
				449A9A511BC543C500C09468 /* AppInfoJsObject.cpp */,
				449A9A481BC5417200C09468 /* main.mm */,
			);
			path = tests;
			sourceTree = "<group>";
		};
/* End PBXGroup section */

/* Begin PBXNativeTarget section */
		449A9A441BC5417200C09468 /* tests */ = {
			isa = PBXNativeTarget;
			buildConfigurationList = 449A9A4C1BC5417200C09468 /* Build configuration list for PBXNativeTarget "tests" */;
			buildPhases = (
				449A9A411BC5417200C09468 /* Sources */,
				449A9A421BC5417200C09468 /* Frameworks */,
				449A9A431BC5417200C09468 /* CopyFiles */,
			);
			buildRules = (
			);
			dependencies = (
			);
			name = tests;
			productName = tests;
			productReference = 449A9A451BC5417200C09468 /* tests */;
			productType = "com.apple.product-type.tool";
		};
/* End PBXNativeTarget section */

/* Begin PBXProject section */
		449A9A3D1BC5417200C09468 /* Project object */ = {
			isa = PBXProject;
			attributes = {
				LastUpgradeCheck = 0700;
				ORGANIZATIONNAME = "Eyeo GmbH";
				TargetAttributes = {
					449A9A441BC5417200C09468 = {
						CreatedOnToolsVersion = 7.0.1;
					};
				};
			};
			buildConfigurationList = 449A9A401BC5417200C09468 /* Build configuration list for PBXProject "tests" */;
			compatibilityVersion = "Xcode 3.2";
			developmentRegion = English;
			hasScannedForEncodings = 0;
			knownRegions = (
				en,
			);
			mainGroup = 449A9A3C1BC5417200C09468;
			productRefGroup = 449A9A461BC5417200C09468 /* Products */;
			projectDirPath = "";
			projectRoot = "";
			targets = (
				449A9A441BC5417200C09468 /* tests */,
			);
		};
/* End PBXProject section */

/* Begin PBXSourcesBuildPhase section */
		449A9A411BC5417200C09468 /* Sources */ = {
			isa = PBXSourcesBuildPhase;
			buildActionMask = 2147483647;
			files = (
				449A9A491BC5417200C09468 /* main.mm in Sources */,
				44A8D1291BC682AF00686BDC /* FileSystemJsObject.cpp in Sources */,
				449A9A521BC543C500C09468 /* AppInfoJsObject.cpp in Sources */,
				449A9A501BC5421F00C09468 /* gtest-all.cc in Sources */,
				44A8D1211BC67DA100686BDC /* ConsoleJsObject.cpp in Sources */,
			);
			runOnlyForDeploymentPostprocessing = 0;
		};
/* End PBXSourcesBuildPhase section */

/* Begin XCBuildConfiguration section */
		449A9A4A1BC5417200C09468 /* Debug */ = {
			isa = XCBuildConfiguration;
			buildSettings = {
				ALWAYS_SEARCH_USER_PATHS = NO;
				CLANG_CXX_LANGUAGE_STANDARD = "gnu++0x";
				CLANG_CXX_LIBRARY = "libc++";
				CLANG_ENABLE_MODULES = YES;
				CLANG_ENABLE_OBJC_ARC = YES;
				CLANG_WARN_BOOL_CONVERSION = YES;
				CLANG_WARN_CONSTANT_CONVERSION = YES;
				CLANG_WARN_DIRECT_OBJC_ISA_USAGE = YES_ERROR;
				CLANG_WARN_EMPTY_BODY = YES;
				CLANG_WARN_ENUM_CONVERSION = YES;
				CLANG_WARN_INT_CONVERSION = YES;
				CLANG_WARN_OBJC_ROOT_CLASS = YES_ERROR;
				CLANG_WARN_UNREACHABLE_CODE = YES;
				CLANG_WARN__DUPLICATE_METHOD_MATCH = YES;
				COPY_PHASE_STRIP = NO;
				DEBUG_INFORMATION_FORMAT = dwarf;
				ENABLE_STRICT_OBJC_MSGSEND = YES;
				ENABLE_TESTABILITY = YES;
				GCC_C_LANGUAGE_STANDARD = gnu99;
				GCC_DYNAMIC_NO_PIC = NO;
				GCC_NO_COMMON_BLOCKS = YES;
				GCC_OPTIMIZATION_LEVEL = 0;
				GCC_PREPROCESSOR_DEFINITIONS = (
					"DEBUG=1",
					ABP_JAVASCRIPT_CORE,
					"$(inherited)",
				);
				GCC_WARN_64_TO_32_BIT_CONVERSION = YES;
				GCC_WARN_ABOUT_RETURN_TYPE = YES_ERROR;
				GCC_WARN_UNDECLARED_SELECTOR = YES;
				GCC_WARN_UNINITIALIZED_AUTOS = YES_AGGRESSIVE;
				GCC_WARN_UNUSED_FUNCTION = YES;
				GCC_WARN_UNUSED_VARIABLE = YES;
				HEADER_SEARCH_PATHS = (
					"$(SRCROOT)/../../third_party/googletest/include",
					"$(SRCROOT)/../../include",
				);
				MACOSX_DEPLOYMENT_TARGET = 10.11;
				MTL_ENABLE_DEBUG_INFO = YES;
				ONLY_ACTIVE_ARCH = YES;
				SDKROOT = macosx;
			};
			name = Debug;
		};
		449A9A4B1BC5417200C09468 /* Release */ = {
			isa = XCBuildConfiguration;
			buildSettings = {
				ALWAYS_SEARCH_USER_PATHS = NO;
				CLANG_CXX_LANGUAGE_STANDARD = "gnu++0x";
				CLANG_CXX_LIBRARY = "libc++";
				CLANG_ENABLE_MODULES = YES;
				CLANG_ENABLE_OBJC_ARC = YES;
				CLANG_WARN_BOOL_CONVERSION = YES;
				CLANG_WARN_CONSTANT_CONVERSION = YES;
				CLANG_WARN_DIRECT_OBJC_ISA_USAGE = YES_ERROR;
				CLANG_WARN_EMPTY_BODY = YES;
				CLANG_WARN_ENUM_CONVERSION = YES;
				CLANG_WARN_INT_CONVERSION = YES;
				CLANG_WARN_OBJC_ROOT_CLASS = YES_ERROR;
				CLANG_WARN_UNREACHABLE_CODE = YES;
				CLANG_WARN__DUPLICATE_METHOD_MATCH = YES;
				COPY_PHASE_STRIP = NO;
				DEBUG_INFORMATION_FORMAT = "dwarf-with-dsym";
				ENABLE_NS_ASSERTIONS = NO;
				ENABLE_STRICT_OBJC_MSGSEND = YES;
				GCC_C_LANGUAGE_STANDARD = gnu99;
				GCC_NO_COMMON_BLOCKS = YES;
				GCC_PREPROCESSOR_DEFINITIONS = ABP_JAVASCRIPT_CORE;
				GCC_WARN_64_TO_32_BIT_CONVERSION = YES;
				GCC_WARN_ABOUT_RETURN_TYPE = YES_ERROR;
				GCC_WARN_UNDECLARED_SELECTOR = YES;
				GCC_WARN_UNINITIALIZED_AUTOS = YES_AGGRESSIVE;
				GCC_WARN_UNUSED_FUNCTION = YES;
				GCC_WARN_UNUSED_VARIABLE = YES;
				HEADER_SEARCH_PATHS = (
					"$(SRCROOT)/../../third_party/googletest/include",
					"$(SRCROOT)/../../include",
				);
				MACOSX_DEPLOYMENT_TARGET = 10.11;
				MTL_ENABLE_DEBUG_INFO = NO;
				SDKROOT = macosx;
			};
			name = Release;
		};
		449A9A4D1BC5417200C09468 /* Debug */ = {
			isa = XCBuildConfiguration;
			buildSettings = {
				PRODUCT_NAME = "$(TARGET_NAME)";
			};
			name = Debug;
		};
		449A9A4E1BC5417200C09468 /* Release */ = {
			isa = XCBuildConfiguration;
			buildSettings = {
				PRODUCT_NAME = "$(TARGET_NAME)";
			};
			name = Release;
		};
/* End XCBuildConfiguration section */

/* Begin XCConfigurationList section */
		449A9A401BC5417200C09468 /* Build configuration list for PBXProject "tests" */ = {
			isa = XCConfigurationList;
			buildConfigurations = (
				449A9A4A1BC5417200C09468 /* Debug */,
				449A9A4B1BC5417200C09468 /* Release */,
			);
			defaultConfigurationIsVisible = 0;
			defaultConfigurationName = Release;
		};
		449A9A4C1BC5417200C09468 /* Build configuration list for PBXNativeTarget "tests" */ = {
			isa = XCConfigurationList;
			buildConfigurations = (
				449A9A4D1BC5417200C09468 /* Debug */,
				449A9A4E1BC5417200C09468 /* Release */,
			);
			defaultConfigurationIsVisible = 0;
			defaultConfigurationName = Release;
		};
/* End XCConfigurationList section */
	};
	rootObject = 449A9A3D1BC5417200C09468 /* Project object */;
}
